
Microsoft Visual Studio Solution File, Format Version 12.00
# Visual Studio Version 16
VisualStudioVersion = 16.0.31605.320
MinimumVisualStudioVersion = 10.0.40219.1
Project("{FAE04EC0-301F-11D3-BF4B-00C04F79EFBC}") = "Grading-Administration-Server", "Grading-Administration-Server\Grading-Administration-Server.csproj", "{A5BBE8F0-39A2-4D69-9580-91CDD4D88E8B}"
EndProject
Global
	GlobalSection(SolutionConfigurationPlatforms) = preSolution
		Debug|Any CPU = Debug|Any CPU
		Release|Any CPU = Release|Any CPU
	EndGlobalSection
	GlobalSection(ProjectConfigurationPlatforms) = postSolution
		{A5BBE8F0-39A2-4D69-9580-91CDD4D88E8B}.Debug|Any CPU.ActiveCfg = Debug|Any CPU
		{A5BBE8F0-39A2-4D69-9580-91CDD4D88E8B}.Debug|Any CPU.Build.0 = Debug|Any CPU
		{A5BBE8F0-39A2-4D69-9580-91CDD4D88E8B}.Release|Any CPU.ActiveCfg = Release|Any CPU
		{A5BBE8F0-39A2-4D69-9580-91CDD4D88E8B}.Release|Any CPU.Build.0 = Release|Any CPU
	EndGlobalSection
	GlobalSection(SolutionProperties) = preSolution
		HideSolutionNode = FALSE
	EndGlobalSection
	GlobalSection(ExtensibilityGlobals) = postSolution
		SolutionGuid = {1B37DDD5-2FB1-4E0A-A99F-5983462D76DA}
	EndGlobalSection
EndGlobal
